
Microsoft Visual Studio Solution File, Format Version 12.00
# Visual Studio Version 17
VisualStudioVersion = 17.3.32929.385
MinimumVisualStudioVersion = 10.0.40219.1
Project("{FAE04EC0-301F-11D3-BF4B-00C04F79EFBC}") = "Bai19", "Bai19\Bai19.csproj", "{5C07F0C7-F780-4C82-BA64-36559745DA98}"
EndProject
Global
	GlobalSection(SolutionConfigurationPlatforms) = preSolution
		Debug|Any CPU = Debug|Any CPU
		Release|Any CPU = Release|Any CPU
	EndGlobalSection
	GlobalSection(ProjectConfigurationPlatforms) = postSolution
		{5C07F0C7-F780-4C82-BA64-36559745DA98}.Debug|Any CPU.ActiveCfg = Debug|Any CPU
		{5C07F0C7-F780-4C82-BA64-36559745DA98}.Debug|Any CPU.Build.0 = Debug|Any CPU
		{5C07F0C7-F780-4C82-BA64-36559745DA98}.Release|Any CPU.ActiveCfg = Release|Any CPU
		{5C07F0C7-F780-4C82-BA64-36559745DA98}.Release|Any CPU.Build.0 = Release|Any CPU
	EndGlobalSection
	GlobalSection(SolutionProperties) = preSolution
		HideSolutionNode = FALSE
	EndGlobalSection
	GlobalSection(ExtensibilityGlobals) = postSolution
		SolutionGuid = {C736AAFD-8081-4A78-880B-4C92E22BB6BD}
	EndGlobalSection
EndGlobal
