
Microsoft Visual Studio Solution File, Format Version 12.00
# Visual Studio Version 17
VisualStudioVersion = 17.3.32929.385
MinimumVisualStudioVersion = 10.0.40219.1
Project("{FAE04EC0-301F-11D3-BF4B-00C04F79EFBC}") = "Bai CB_2", "Bai CB_2\Bai CB_2.csproj", "{4B7D4267-0775-4516-BADC-29E973EB78DF}"
EndProject
Global
	GlobalSection(SolutionConfigurationPlatforms) = preSolution
		Debug|Any CPU = Debug|Any CPU
		Release|Any CPU = Release|Any CPU
	EndGlobalSection
	GlobalSection(ProjectConfigurationPlatforms) = postSolution
		{4B7D4267-0775-4516-BADC-29E973EB78DF}.Debug|Any CPU.ActiveCfg = Debug|Any CPU
		{4B7D4267-0775-4516-BADC-29E973EB78DF}.Debug|Any CPU.Build.0 = Debug|Any CPU
		{4B7D4267-0775-4516-BADC-29E973EB78DF}.Release|Any CPU.ActiveCfg = Release|Any CPU
		{4B7D4267-0775-4516-BADC-29E973EB78DF}.Release|Any CPU.Build.0 = Release|Any CPU
	EndGlobalSection
	GlobalSection(SolutionProperties) = preSolution
		HideSolutionNode = FALSE
	EndGlobalSection
	GlobalSection(ExtensibilityGlobals) = postSolution
		SolutionGuid = {A0318484-78FF-407F-8E6B-1A25726D5DBB}
	EndGlobalSection
EndGlobal
