
Microsoft Visual Studio Solution File, Format Version 12.00
# Visual Studio Version 17
VisualStudioVersion = 17.3.32929.385
MinimumVisualStudioVersion = 10.0.40219.1
Project("{FAE04EC0-301F-11D3-BF4B-00C04F79EFBC}") = "BaiCB5", "BaiCB5\BaiCB5.csproj", "{0E6E8D09-91AD-495E-A72F-CCB74C127EDB}"
EndProject
Global
	GlobalSection(SolutionConfigurationPlatforms) = preSolution
		Debug|Any CPU = Debug|Any CPU
		Release|Any CPU = Release|Any CPU
	EndGlobalSection
	GlobalSection(ProjectConfigurationPlatforms) = postSolution
		{0E6E8D09-91AD-495E-A72F-CCB74C127EDB}.Debug|Any CPU.ActiveCfg = Debug|Any CPU
		{0E6E8D09-91AD-495E-A72F-CCB74C127EDB}.Debug|Any CPU.Build.0 = Debug|Any CPU
		{0E6E8D09-91AD-495E-A72F-CCB74C127EDB}.Release|Any CPU.ActiveCfg = Release|Any CPU
		{0E6E8D09-91AD-495E-A72F-CCB74C127EDB}.Release|Any CPU.Build.0 = Release|Any CPU
	EndGlobalSection
	GlobalSection(SolutionProperties) = preSolution
		HideSolutionNode = FALSE
	EndGlobalSection
	GlobalSection(ExtensibilityGlobals) = postSolution
		SolutionGuid = {CDF210AF-011E-410D-9E00-0E648DB5610F}
	EndGlobalSection
EndGlobal
