
Microsoft Visual Studio Solution File, Format Version 12.00
# Visual Studio Version 17
VisualStudioVersion = 17.3.32929.385
MinimumVisualStudioVersion = 10.0.40219.1
Project("{FAE04EC0-301F-11D3-BF4B-00C04F79EFBC}") = "BaiCB3", "BaiCB3\BaiCB3.csproj", "{779C4864-2497-43AA-BDBE-390642ABC93D}"
EndProject
Global
	GlobalSection(SolutionConfigurationPlatforms) = preSolution
		Debug|Any CPU = Debug|Any CPU
		Release|Any CPU = Release|Any CPU
	EndGlobalSection
	GlobalSection(ProjectConfigurationPlatforms) = postSolution
		{779C4864-2497-43AA-BDBE-390642ABC93D}.Debug|Any CPU.ActiveCfg = Debug|Any CPU
		{779C4864-2497-43AA-BDBE-390642ABC93D}.Debug|Any CPU.Build.0 = Debug|Any CPU
		{779C4864-2497-43AA-BDBE-390642ABC93D}.Release|Any CPU.ActiveCfg = Release|Any CPU
		{779C4864-2497-43AA-BDBE-390642ABC93D}.Release|Any CPU.Build.0 = Release|Any CPU
	EndGlobalSection
	GlobalSection(SolutionProperties) = preSolution
		HideSolutionNode = FALSE
	EndGlobalSection
	GlobalSection(ExtensibilityGlobals) = postSolution
		SolutionGuid = {92C14C25-2F8F-4569-9355-7C120F3BB40C}
	EndGlobalSection
EndGlobal
