
Microsoft Visual Studio Solution File, Format Version 12.00
# Visual Studio Version 17
VisualStudioVersion = 17.3.32929.385
MinimumVisualStudioVersion = 10.0.40219.1
Project("{FAE04EC0-301F-11D3-BF4B-00C04F79EFBC}") = "BaiCB7", "BaiCB7\BaiCB7.csproj", "{0CE119BF-B378-49FE-8BDF-918A10484214}"
EndProject
Global
	GlobalSection(SolutionConfigurationPlatforms) = preSolution
		Debug|Any CPU = Debug|Any CPU
		Release|Any CPU = Release|Any CPU
	EndGlobalSection
	GlobalSection(ProjectConfigurationPlatforms) = postSolution
		{0CE119BF-B378-49FE-8BDF-918A10484214}.Debug|Any CPU.ActiveCfg = Debug|Any CPU
		{0CE119BF-B378-49FE-8BDF-918A10484214}.Debug|Any CPU.Build.0 = Debug|Any CPU
		{0CE119BF-B378-49FE-8BDF-918A10484214}.Release|Any CPU.ActiveCfg = Release|Any CPU
		{0CE119BF-B378-49FE-8BDF-918A10484214}.Release|Any CPU.Build.0 = Release|Any CPU
	EndGlobalSection
	GlobalSection(SolutionProperties) = preSolution
		HideSolutionNode = FALSE
	EndGlobalSection
	GlobalSection(ExtensibilityGlobals) = postSolution
		SolutionGuid = {68783B65-E0E5-4F08-9088-8678331AA7CA}
	EndGlobalSection
EndGlobal
