
Microsoft Visual Studio Solution File, Format Version 12.00
# Visual Studio Version 17
VisualStudioVersion = 17.3.32929.385
MinimumVisualStudioVersion = 10.0.40219.1
Project("{FAE04EC0-301F-11D3-BF4B-00C04F79EFBC}") = "BaiCB6", "BaiCB6\BaiCB6.csproj", "{B76AF2EB-A5BC-4665-AFCF-663350D0A38D}"
EndProject
Global
	GlobalSection(SolutionConfigurationPlatforms) = preSolution
		Debug|Any CPU = Debug|Any CPU
		Release|Any CPU = Release|Any CPU
	EndGlobalSection
	GlobalSection(ProjectConfigurationPlatforms) = postSolution
		{B76AF2EB-A5BC-4665-AFCF-663350D0A38D}.Debug|Any CPU.ActiveCfg = Debug|Any CPU
		{B76AF2EB-A5BC-4665-AFCF-663350D0A38D}.Debug|Any CPU.Build.0 = Debug|Any CPU
		{B76AF2EB-A5BC-4665-AFCF-663350D0A38D}.Release|Any CPU.ActiveCfg = Release|Any CPU
		{B76AF2EB-A5BC-4665-AFCF-663350D0A38D}.Release|Any CPU.Build.0 = Release|Any CPU
	EndGlobalSection
	GlobalSection(SolutionProperties) = preSolution
		HideSolutionNode = FALSE
	EndGlobalSection
	GlobalSection(ExtensibilityGlobals) = postSolution
		SolutionGuid = {D9708A7F-26DD-439C-8625-4C59F0EEC476}
	EndGlobalSection
EndGlobal
