
Microsoft Visual Studio Solution File, Format Version 12.00
# Visual Studio Version 17
VisualStudioVersion = 17.3.32929.385
MinimumVisualStudioVersion = 10.0.40219.1
Project("{FAE04EC0-301F-11D3-BF4B-00C04F79EFBC}") = "BaiCB10", "BaiCB10\BaiCB10.csproj", "{BA10A760-796D-4754-A7C1-084D0C293568}"
EndProject
Global
	GlobalSection(SolutionConfigurationPlatforms) = preSolution
		Debug|Any CPU = Debug|Any CPU
		Release|Any CPU = Release|Any CPU
	EndGlobalSection
	GlobalSection(ProjectConfigurationPlatforms) = postSolution
		{BA10A760-796D-4754-A7C1-084D0C293568}.Debug|Any CPU.ActiveCfg = Debug|Any CPU
		{BA10A760-796D-4754-A7C1-084D0C293568}.Debug|Any CPU.Build.0 = Debug|Any CPU
		{BA10A760-796D-4754-A7C1-084D0C293568}.Release|Any CPU.ActiveCfg = Release|Any CPU
		{BA10A760-796D-4754-A7C1-084D0C293568}.Release|Any CPU.Build.0 = Release|Any CPU
	EndGlobalSection
	GlobalSection(SolutionProperties) = preSolution
		HideSolutionNode = FALSE
	EndGlobalSection
	GlobalSection(ExtensibilityGlobals) = postSolution
		SolutionGuid = {2382AAA4-66A5-447A-AB6B-98A3A19FF469}
	EndGlobalSection
EndGlobal
